
Microsoft Visual Studio Solution File, Format Version 9.00
# Visual Studio 2005
Project("{8BC9CEB8-8B4A-11D0-8D11-00A0C91BC942}") = "TestAPI", "TestAPI\TestAPI.vcproj", "{00E7AF40-2C59-44F7-ADF1-1260721D0549}"
	ProjectSection(ProjectDependencies) = postProject
		{887723AB-25ED-4923-89BA-3A3182A3DE0D} = {887723AB-25ED-4923-89BA-3A3182A3DE0D}
	EndProjectSection
EndProject
Project("{8BC9CEB8-8B4A-11D0-8D11-00A0C91BC942}") = "MediaPlayers", "MediaPlayersLib\MediaPlayersLib.vcproj", "{887723AB-25ED-4923-89BA-3A3182A3DE0D}"
EndProject
Global
	GlobalSection(SolutionConfigurationPlatforms) = preSolution
		Debug|Win32 = Debug|Win32
		Release|Win32 = Release|Win32
	EndGlobalSection
	GlobalSection(ProjectConfigurationPlatforms) = postSolution
		{00E7AF40-2C59-44F7-ADF1-1260721D0549}.Debug|Win32.ActiveCfg = Debug|Win32
		{00E7AF40-2C59-44F7-ADF1-1260721D0549}.Debug|Win32.Build.0 = Debug|Win32
		{00E7AF40-2C59-44F7-ADF1-1260721D0549}.Release|Win32.ActiveCfg = Release|Win32
		{00E7AF40-2C59-44F7-ADF1-1260721D0549}.Release|Win32.Build.0 = Release|Win32
		{887723AB-25ED-4923-89BA-3A3182A3DE0D}.Debug|Win32.ActiveCfg = Debug|Win32
		{887723AB-25ED-4923-89BA-3A3182A3DE0D}.Debug|Win32.Build.0 = Debug|Win32
		{887723AB-25ED-4923-89BA-3A3182A3DE0D}.Release|Win32.ActiveCfg = Release|Win32
		{887723AB-25ED-4923-89BA-3A3182A3DE0D}.Release|Win32.Build.0 = Release|Win32
	EndGlobalSection
	GlobalSection(SolutionProperties) = preSolution
		HideSolutionNode = FALSE
	EndGlobalSection
EndGlobal
