<?xml version="1.0" encoding="utf-8"?>
<Project ToolsVersion="4.0" xmlns="http://schemas.microsoft.com/developer/msbuild/2003">
  <ItemGroup>
    <Filter Include="Resource Files">
      <UniqueIdentifier>{3a0e11f4-b460-4f61-a76b-8920bb5971a9}</UniqueIdentifier>
      <Extensions>ico;cur;bmp;dlg;rc2;rct;bin;rgs;gif;jpg;jpeg;jpe</Extensions>
    </Filter>
    <Filter Include="Source Files">
      <UniqueIdentifier>{ed1feb39-5454-4802-bf06-4d1e540542bc}</UniqueIdentifier>
      <Extensions>cpp;c;cxx;rc;def;r;odl;idl;hpj;bat</Extensions>
    </Filter>
    <Filter Include="Header Files">
      <UniqueIdentifier>{eff5202a-9034-42e1-ab13-b643241ce8a8}</UniqueIdentifier>
      <Extensions>h;hpp;hxx;hm;inl</Extensions>
    </Filter>
    <Filter Include="Documentation">
      <UniqueIdentifier>{76cf5ea7-0422-4b82-8f9b-7b7755abd0e2}</UniqueIdentifier>
      <Extensions>txt</Extensions>
    </Filter>
  </ItemGroup>
  <ItemGroup>
    <None Include="res\ADLSearch.ico">
      <Filter>Resource Files</Filter>
    </None>
    <None Include="res\arrows.bmp">
      <Filter>Resource Files</Filter>
    </None>
    <None Include="res\CDM.ico">
      <Filter>Resource Files</Filter>
    </None>
    <None Include="res\Directory.ico">
      <Filter>Resource Files</Filter>
    </None>
    <None Include="res\fav.bmp">
      <Filter>Resource Files</Filter>
    </None>
    <None Include="res\Favorites.ico">
      <Filter>Resource Files</Filter>
    </None>
    <None Include="res\FavoriteUser.ico">
      <Filter>Resource Files</Filter>
    </None>
    <None Include="res\FinishedDL.ico">
      <Filter>Resource Files</Filter>
    </None>
    <None Include="res\FinishedUL.ico">
      <Filter>Resource Files</Filter>
    </None>
    <None Include="res\flags.bmp">
      <Filter>Resource Files</Filter>
    </None>
    <None Include="res\folders.bmp">
      <Filter>Resource Files</Filter>
    </None>
    <None Include="res\Hub.ico">
      <Filter>Resource Files</Filter>
    </None>
    <None Include="res\HubOff.ico">
      <Filter>Resource Files</Filter>
    </None>
    <None Include="res\magnet.ico">
      <Filter>Resource Files</Filter>
    </None>
    <None Include="res\netstats.ico">
      <Filter>Resource Files</Filter>
    </None>
    <None Include="res\notepad.ico">
      <Filter>Resource Files</Filter>
    </None>
    <None Include="res\o_otools.bmp">
      <Filter>Resource Files</Filter>
    </None>
    <None Include="res\o_settings_dlg.bmp">
      <Filter>Resource Files</Filter>
    </None>
    <None Include="res\PM.ico">
      <Filter>Resource Files</Filter>
    </None>
    <None Include="res\PublicHubs.ico">
      <Filter>Resource Files</Filter>
    </None>
    <None Include="res\queue.ico">
      <Filter>Resource Files</Filter>
    </None>
    <None Include="res\Recents.ico">
      <Filter>Resource Files</Filter>
    </None>
    <None Include="res\Search.ico">
      <Filter>Resource Files</Filter>
    </None>
    <None Include="res\search_icons.bmp">
      <Filter>Resource Files</Filter>
    </None>
    <None Include="res\searchspy.ico">
      <Filter>Resource Files</Filter>
    </None>
    <None Include="res\settings_dlg.bmp">
      <Filter>Resource Files</Filter>
    </None>
    <None Include="res\shutdown.ico">
      <Filter>Resource Files</Filter>
    </None>
    <None Include="res\sounds.ico">
      <Filter>Resource Files</Filter>
    </None>
    <None Include="res\speeds.bmp">
      <Filter>Resource Files</Filter>
    </None>
    <None Include="res\state.bmp">
      <Filter>Resource Files</Filter>
    </None>
    <None Include="res\stop.ico">
      <Filter>Resource Files</Filter>
    </None>
    <None Include="res\stop_ikona.ico">
      <Filter>Resource Files</Filter>
    </None>
    <None Include="res\RSXPlusPlus.ico">
      <Filter>Resource Files</Filter>
    </None>
    <None Include="res\transfer_compressed.ico">
      <Filter>Resource Files</Filter>
    </None>
    <None Include="res\transfer_segmented.ico">
      <Filter>Resource Files</Filter>
    </None>
    <None Include="res\transfer_tree.ico">
      <Filter>Resource Files</Filter>
    </None>
    <None Include="res\TreeNo.ico">
      <Filter>Resource Files</Filter>
    </None>
    <None Include="res\TreeYes.ico">
      <Filter>Resource Files</Filter>
    </None>
    <None Include="res\Update.ico">
      <Filter>Resource Files</Filter>
    </None>
    <None Include="res\uqueue.ico">
      <Filter>Resource Files</Filter>
    </None>
    <None Include="res\User.ico">
      <Filter>Resource Files</Filter>
    </None>
    <None Include="res\UserOff.ico">
      <Filter>Resource Files</Filter>
    </None>
    <None Include="res\users.bmp">
      <Filter>Resource Files</Filter>
    </None>
    <None Include="changelog.txt">
      <Filter>Documentation</Filter>
    </None>
    <None Include="Extensions.txt">
      <Filter>Documentation</Filter>
    </None>
    <None Include="wx\msw\hand.cur">
      <Filter>Resource Files</Filter>
    </None>
    <None Include="wx\msw\bullseye.cur">
      <Filter>Resource Files</Filter>
    </None>
    <None Include="wx\msw\pencil.cur">
      <Filter>Resource Files</Filter>
    </None>
    <None Include="wx\msw\magnif1.cur">
      <Filter>Resource Files</Filter>
    </None>
    <None Include="wx\msw\roller.cur">
      <Filter>Resource Files</Filter>
    </None>
    <None Include="wx\msw\pbrush.cur">
      <Filter>Resource Files</Filter>
    </None>
    <None Include="wx\msw\pntleft.cur">
      <Filter>Resource Files</Filter>
    </None>
    <None Include="wx\msw\pntright.cur">
      <Filter>Resource Files</Filter>
    </None>
    <None Include="wx\msw\blank.cur">
      <Filter>Resource Files</Filter>
    </None>
    <None Include="wx\msw\rightarr.cur">
      <Filter>Resource Files</Filter>
    </None>
    <None Include="wx\msw\cross.cur">
      <Filter>Resource Files</Filter>
    </None>
    <None Include="wx\msw\std.ico">
      <Filter>Resource Files</Filter>
    </None>
    <None Include="wx\msw\folder1.ico">
      <Filter>Resource Files</Filter>
    </None>
    <None Include="wx\msw\folder2.ico">
      <Filter>Resource Files</Filter>
    </None>
    <None Include="wx\msw\file1.ico">
      <Filter>Resource Files</Filter>
    </None>
    <None Include="wx\msw\computer.ico">
      <Filter>Resource Files</Filter>
    </None>
    <None Include="wx\msw\drive.ico">
      <Filter>Resource Files</Filter>
    </None>
    <None Include="wx\msw\cdrom.ico">
      <Filter>Resource Files</Filter>
    </None>
    <None Include="wx\msw\floppy.ico">
      <Filter>Resource Files</Filter>
    </None>
    <None Include="wx\msw\removble.ico">
      <Filter>Resource Files</Filter>
    </None>
    <None Include="wx\msw\csquery.bmp">
      <Filter>Resource Files</Filter>
    </None>
    <None Include="wx\msw\colours.bmp">
      <Filter>Resource Files</Filter>
    </None>
    <None Include="res\arrows.png">
      <Filter>Resource Files</Filter>
    </None>
    <None Include="res\emoticon.png">
      <Filter>Resource Files</Filter>
    </None>
    <None Include="res\fav.png">
      <Filter>Resource Files</Filter>
    </None>
    <None Include="res\favtabs.png">
      <Filter>Resource Files</Filter>
    </None>
    <None Include="res\flags.png">
      <Filter>Resource Files</Filter>
    </None>
    <None Include="res\folders.png">
      <Filter>Resource Files</Filter>
    </None>
    <None Include="res\o_settings_dlg.png">
      <Filter>Resource Files</Filter>
    </None>
    <None Include="res\rsx_splash.png">
      <Filter>Resource Files</Filter>
    </None>
    <None Include="res\search_icons.png">
      <Filter>Resource Files</Filter>
    </None>
    <None Include="res\speeds.png">
      <Filter>Resource Files</Filter>
    </None>
    <None Include="res\state.png">
      <Filter>Resource Files</Filter>
    </None>
    <None Include="res\toolbar.png">
      <Filter>Resource Files</Filter>
    </None>
    <None Include="res\toolbar20.png">
      <Filter>Resource Files</Filter>
    </None>
    <None Include="res\toolbar20-highlight.png">
      <Filter>Resource Files</Filter>
    </None>
    <None Include="res\TranferSpeeds.png">
      <Filter>Resource Files</Filter>
    </None>
    <None Include="res\TransferSpeedsBW.png">
      <Filter>Resource Files</Filter>
    </None>
    <None Include="res\users.png">
      <Filter>Resource Files</Filter>
    </None>
    <None Include="res\users256.png">
      <Filter>Resource Files</Filter>
    </None>
    <None Include="res\users-cb.png">
      <Filter>Resource Files</Filter>
    </None>
  </ItemGroup>
  <ItemGroup>
    <ResourceCompile Include="RSXPlusPlus.rc">
      <Filter>Resource Files</Filter>
    </ResourceCompile>
  </ItemGroup>
  <ItemGroup>
    <ClCompile Include="gui\EmoticonsManager.cpp">
      <Filter>Source Files</Filter>
    </ClCompile>
    <ClCompile Include="gui\ExtendedTrace.cpp">
      <Filter>Source Files</Filter>
    </ClCompile>
    <ClCompile Include="gui\FavHubProperties.cpp">
      <Filter>Source Files</Filter>
    </ClCompile>
    <ClCompile Include="gui\FavHubsFrame.cpp">
      <Filter>Source Files</Filter>
    </ClCompile>
    <ClCompile Include="gui\FavUsersFrame.cpp">
      <Filter>Source Files</Filter>
    </ClCompile>
    <ClCompile Include="gui\HubFrame.cpp">
      <Filter>Source Files</Filter>
    </ClCompile>
    <ClCompile Include="gui\ListViewCtrl.cpp">
      <Filter>Source Files</Filter>
    </ClCompile>
    <ClCompile Include="gui\main.cpp">
      <Filter>Source Files</Filter>
    </ClCompile>
    <ClCompile Include="gui\MainWindow.cpp">
      <Filter>Source Files</Filter>
    </ClCompile>
    <ClCompile Include="gui\MDIChildFrame.cpp">
      <Filter>Source Files</Filter>
    </ClCompile>
    <ClCompile Include="gui\SplashWindow.cpp">
      <Filter>Source Files</Filter>
    </ClCompile>
    <ClCompile Include="gui\stdafx.cpp">
      <Filter>Source Files</Filter>
    </ClCompile>
    <ClCompile Include="gui\TaskBarIcon.cpp">
      <Filter>Source Files</Filter>
    </ClCompile>
    <ClCompile Include="gui\TransferView.cpp">
      <Filter>Source Files</Filter>
    </ClCompile>
    <ClCompile Include="gui\UPnP_COM.cpp">
      <Filter>Source Files</Filter>
    </ClCompile>
    <ClCompile Include="gui\UPnP_MiniUPnPc.cpp">
      <Filter>Source Files</Filter>
    </ClCompile>
    <ClCompile Include="gui\UserInfoBaseHandler.cpp">
      <Filter>Source Files</Filter>
    </ClCompile>
    <ClCompile Include="gui\WinUtil.cpp">
      <Filter>Source Files</Filter>
    </ClCompile>
    <ClCompile Include="gui\CountryFlags.cpp">
      <Filter>Source Files</Filter>
    </ClCompile>
    <ClCompile Include="gui\NotepadFrame.cpp">
      <Filter>Source Files</Filter>
    </ClCompile>
    <ClCompile Include="gui\ADLSearchFrame.cpp">
      <Filter>Source Files</Filter>
    </ClCompile>
    <ClCompile Include="gui\ADLSProperties.cpp">
      <Filter>Source Files</Filter>
    </ClCompile>
    <ClCompile Include="gui\TypedDataViewCtrl.cpp">
      <Filter>Source Files</Filter>
    </ClCompile>
    <ClCompile Include="gui\SearchFrame.cpp">
      <Filter>Source Files</Filter>
    </ClCompile>
    <ClCompile Include="gui\GetTthDialog.cpp">
      <Filter>Source Files</Filter>
    </ClCompile>
    <ClCompile Include="gui\UpdateDialog.cpp">
      <Filter>Source Files</Filter>
    </ClCompile>
    <ClCompile Include="gui\EmoticonsDlg.cpp">
      <Filter>Source Files</Filter>
    </ClCompile>
    <ClCompile Include="gui\AboutDlg.cpp">
      <Filter>Source Files</Filter>
    </ClCompile>
    <ClCompile Include="gui\MagnetDlg.cpp">
      <Filter>Source Files</Filter>
    </ClCompile>
    <ClCompile Include="gui\HashProgressDlg.cpp">
      <Filter>Source Files</Filter>
    </ClCompile>
    <ClCompile Include="gui\SettingsDlg.cpp">
      <Filter>Source Files</Filter>
    </ClCompile>
    <ClCompile Include="gui\SettingsPage.cpp">
      <Filter>Source Files</Filter>
    </ClCompile>
    <ClCompile Include="gui\PublicHubsFrame.cpp">
      <Filter>Source Files</Filter>
    </ClCompile>
    <ClCompile Include="gui\NetStatsFrame.cpp">
      <Filter>Source Files</Filter>
    </ClCompile>
    <ClCompile Include="gui\QueueFrame.cpp">
      <Filter>Source Files</Filter>
    </ClCompile>
    <ClCompile Include="gui\SearchSpyFrame.cpp">
      <Filter>Source Files</Filter>
    </ClCompile>
    <ClCompile Include="gui\UploadQueueFrame.cpp">
      <Filter>Source Files</Filter>
    </ClCompile>
    <ClCompile Include="gui\DebugFrame.cpp">
      <Filter>Source Files</Filter>
    </ClCompile>
    <ClCompile Include="gui\RecentHubsFrame.cpp">
      <Filter>Source Files</Filter>
    </ClCompile>
    <ClCompile Include="gui\PrivateFrame.cpp">
      <Filter>Source Files</Filter>
    </ClCompile>
    <ClCompile Include="gui\DirectoryListingFrame.cpp">
      <Filter>Source Files</Filter>
    </ClCompile>
    <ClCompile Include="gui\DownloadPage.cpp">
      <Filter>Source Files</Filter>
    </ClCompile>
    <ClCompile Include="gui\GeneralPage.cpp">
      <Filter>Source Files</Filter>
    </ClCompile>
    <ClCompile Include="gui\NetworkPage.cpp">
      <Filter>Source Files</Filter>
    </ClCompile>
    <ClCompile Include="gui\PublicHubListDlg.cpp">
      <Filter>Source Files</Filter>
    </ClCompile>
    <ClCompile Include="gui\RichChatCtrl.cpp">
      <Filter>Source Files</Filter>
    </ClCompile>
    <ClCompile Include="gui\ChatPanel.cpp">
      <Filter>Source Files</Filter>
    </ClCompile>
    <ClCompile Include="gui\FavoriteDirsPage.cpp">
      <Filter>Source Files</Filter>
    </ClCompile>
    <ClCompile Include="gui\PreviewPage.cpp">
      <Filter>Source Files</Filter>
    </ClCompile>
    <ClCompile Include="gui\PreviewDlg.cpp">
      <Filter>Source Files</Filter>
    </ClCompile>
    <ClCompile Include="gui\QueuePage.cpp">
      <Filter>Source Files</Filter>
    </ClCompile>
    <ClCompile Include="gui\UploadPage.cpp">
      <Filter>Source Files</Filter>
    </ClCompile>
    <ClCompile Include="gui\AppearancePage.cpp">
      <Filter>Source Files</Filter>
    </ClCompile>
    <ClCompile Include="gui\TextStylesPage.cpp">
      <Filter>Source Files</Filter>
    </ClCompile>
    <ClCompile Include="gui\PopupsPage.cpp">
      <Filter>Source Files</Filter>
    </ClCompile>
    <ClCompile Include="gui\SoundsPage.cpp">
      <Filter>Source Files</Filter>
    </ClCompile>
    <ClCompile Include="gui\WindowsPage.cpp">
      <Filter>Source Files</Filter>
    </ClCompile>
    <ClCompile Include="gui\AdvancedPage.cpp">
      <Filter>Source Files</Filter>
    </ClCompile>
    <ClCompile Include="gui\LogsPage.cpp">
      <Filter>Source Files</Filter>
    </ClCompile>
    <ClCompile Include="gui\UserListPage.cpp">
      <Filter>Source Files</Filter>
    </ClCompile>
    <ClCompile Include="gui\ExpertsPage.cpp">
      <Filter>Source Files</Filter>
    </ClCompile>
    <ClCompile Include="gui\LimitsPage.cpp">
      <Filter>Source Files</Filter>
    </ClCompile>
    <ClCompile Include="gui\FakePage.cpp">
      <Filter>Source Files</Filter>
    </ClCompile>
    <ClCompile Include="gui\SecurityPage.cpp">
      <Filter>Source Files</Filter>
    </ClCompile>
    <ClCompile Include="gui\ProxyPage.cpp">
      <Filter>Source Files</Filter>
    </ClCompile>
    <ClCompile Include="gui\SharePage.cpp">
      <Filter>Source Files</Filter>
    </ClCompile>
    <ClCompile Include="gui\ImageManager.cpp">
      <Filter>Source Files</Filter>
    </ClCompile>
  </ItemGroup>
  <ItemGroup>
    <ClInclude Include="gui\EmoticonsManager.h">
      <Filter>Header Files</Filter>
    </ClInclude>
    <ClInclude Include="gui\ExtendedTrace.h">
      <Filter>Header Files</Filter>
    </ClInclude>
    <ClInclude Include="gui\FavHubProperties.h">
      <Filter>Header Files</Filter>
    </ClInclude>
    <ClInclude Include="gui\FavHubsFrame.h">
      <Filter>Header Files</Filter>
    </ClInclude>
    <ClInclude Include="gui\FavUsersFrame.h">
      <Filter>Header Files</Filter>
    </ClInclude>
    <ClInclude Include="gui\HubFrame.h">
      <Filter>Header Files</Filter>
    </ClInclude>
    <ClInclude Include="gui\ListViewCtrl.h">
      <Filter>Header Files</Filter>
    </ClInclude>
    <ClInclude Include="gui\main.h">
      <Filter>Header Files</Filter>
    </ClInclude>
    <ClInclude Include="gui\MainWindow.h">
      <Filter>Header Files</Filter>
    </ClInclude>
    <ClInclude Include="gui\MDIChildFrame.h">
      <Filter>Header Files</Filter>
    </ClInclude>
    <ClInclude Include="gui\resource.h">
      <Filter>Header Files</Filter>
    </ClInclude>
    <ClInclude Include="gui\SplashWindow.h">
      <Filter>Header Files</Filter>
    </ClInclude>
    <ClInclude Include="gui\StaticFrame.h">
      <Filter>Header Files</Filter>
    </ClInclude>
    <ClInclude Include="gui\stdafx.h">
      <Filter>Header Files</Filter>
    </ClInclude>
    <ClInclude Include="gui\TaskBarIcon.h">
      <Filter>Header Files</Filter>
    </ClInclude>
    <ClInclude Include="gui\TransferView.h">
      <Filter>Header Files</Filter>
    </ClInclude>
    <ClInclude Include="gui\UPnP_COM.h">
      <Filter>Header Files</Filter>
    </ClInclude>
    <ClInclude Include="gui\UPnP_MiniUPnPc.h">
      <Filter>Header Files</Filter>
    </ClInclude>
    <ClInclude Include="gui\UserInfoBaseHandler.h">
      <Filter>Header Files</Filter>
    </ClInclude>
    <ClInclude Include="gui\WinUtil.h">
      <Filter>Header Files</Filter>
    </ClInclude>
    <ClInclude Include="gui\TypedDataViewCtrl.h">
      <Filter>Header Files</Filter>
    </ClInclude>
    <ClInclude Include="gui\CountryFlags.h">
      <Filter>Header Files</Filter>
    </ClInclude>
    <ClInclude Include="gui\NotepadFrame.h">
      <Filter>Header Files</Filter>
    </ClInclude>
    <ClInclude Include="gui\ADLSearchFrame.h">
      <Filter>Header Files</Filter>
    </ClInclude>
    <ClInclude Include="gui\ADLSProperties.h">
      <Filter>Header Files</Filter>
    </ClInclude>
    <ClInclude Include="gui\TypedTreeListCtrl.h">
      <Filter>Header Files</Filter>
    </ClInclude>
    <ClInclude Include="gui\SearchFrame.h">
      <Filter>Header Files</Filter>
    </ClInclude>
    <ClInclude Include="gui\GetTthDialog.h">
      <Filter>Header Files</Filter>
    </ClInclude>
    <ClInclude Include="gui\UpdateDialog.h">
      <Filter>Header Files</Filter>
    </ClInclude>
    <ClInclude Include="gui\EmoticonsDlg.h">
      <Filter>Header Files</Filter>
    </ClInclude>
    <ClInclude Include="gui\AboutDlg.h">
      <Filter>Header Files</Filter>
    </ClInclude>
    <ClInclude Include="gui\ProgressBarRenderer.h">
      <Filter>Header Files</Filter>
    </ClInclude>
    <ClInclude Include="gui\MagnetDlg.h">
      <Filter>Header Files</Filter>
    </ClInclude>
    <ClInclude Include="gui\HashProgressDlg.h">
      <Filter>Header Files</Filter>
    </ClInclude>
    <ClInclude Include="gui\SettingsDlg.h">
      <Filter>Header Files</Filter>
    </ClInclude>
    <ClInclude Include="gui\SettingsPage.h">
      <Filter>Header Files</Filter>
    </ClInclude>
    <ClInclude Include="gui\PublicHubsFrame.h">
      <Filter>Header Files</Filter>
    </ClInclude>
    <ClInclude Include="gui\NetStatsFrame.h">
      <Filter>Header Files</Filter>
    </ClInclude>
    <ClInclude Include="gui\QueueFrame.h">
      <Filter>Header Files</Filter>
    </ClInclude>
    <ClInclude Include="gui\SearchSpyFrame.h">
      <Filter>Header Files</Filter>
    </ClInclude>
    <ClInclude Include="gui\UploadQueueFrame.h">
      <Filter>Header Files</Filter>
    </ClInclude>
    <ClInclude Include="gui\DebugFrame.h">
      <Filter>Header Files</Filter>
    </ClInclude>
    <ClInclude Include="gui\RecentHubsFrame.h">
      <Filter>Header Files</Filter>
    </ClInclude>
    <ClInclude Include="gui\PrivateFrame.h">
      <Filter>Header Files</Filter>
    </ClInclude>
    <ClInclude Include="gui\DirectoryListingFrame.h">
      <Filter>Header Files</Filter>
    </ClInclude>
    <ClInclude Include="gui\PublicHubListDlg.h">
      <Filter>Header Files</Filter>
    </ClInclude>
    <ClInclude Include="gui\DownloadPage.h">
      <Filter>Header Files</Filter>
    </ClInclude>
    <ClInclude Include="gui\GeneralPage.h">
      <Filter>Header Files</Filter>
    </ClInclude>
    <ClInclude Include="gui\NetworkPage.h">
      <Filter>Header Files</Filter>
    </ClInclude>
    <ClInclude Include="gui\RichChatCtrl.h">
      <Filter>Header Files</Filter>
    </ClInclude>
    <ClInclude Include="gui\ChatPanel.h">
      <Filter>Header Files</Filter>
    </ClInclude>
    <ClInclude Include="gui\FavoriteDirsPage.h">
      <Filter>Header Files</Filter>
    </ClInclude>
    <ClInclude Include="gui\PreviewPage.h">
      <Filter>Header Files</Filter>
    </ClInclude>
    <ClInclude Include="gui\PreviewDlg.h">
      <Filter>Header Files</Filter>
    </ClInclude>
    <ClInclude Include="gui\QueuePage.h">
      <Filter>Header Files</Filter>
    </ClInclude>
    <ClInclude Include="gui\UploadPage.h">
      <Filter>Header Files</Filter>
    </ClInclude>
    <ClInclude Include="gui\AppearancePage.h">
      <Filter>Header Files</Filter>
    </ClInclude>
    <ClInclude Include="gui\TextStylesPage.h">
      <Filter>Header Files</Filter>
    </ClInclude>
    <ClInclude Include="gui\PopupsPage.h">
      <Filter>Header Files</Filter>
    </ClInclude>
    <ClInclude Include="gui\SoundsPage.h">
      <Filter>Header Files</Filter>
    </ClInclude>
    <ClInclude Include="gui\WindowsPage.h">
      <Filter>Header Files</Filter>
    </ClInclude>
    <ClInclude Include="gui\AdvancedPage.h">
      <Filter>Header Files</Filter>
    </ClInclude>
    <ClInclude Include="gui\LogsPage.h">
      <Filter>Header Files</Filter>
    </ClInclude>
    <ClInclude Include="gui\UserListPage.h">
      <Filter>Header Files</Filter>
    </ClInclude>
    <ClInclude Include="gui\ExpertsPage.h">
      <Filter>Header Files</Filter>
    </ClInclude>
    <ClInclude Include="gui\LimitsPage.h">
      <Filter>Header Files</Filter>
    </ClInclude>
    <ClInclude Include="gui\FakePage.h">
      <Filter>Header Files</Filter>
    </ClInclude>
    <ClInclude Include="gui\SecurityPage.h">
      <Filter>Header Files</Filter>
    </ClInclude>
    <ClInclude Include="gui\ProxyPage.h">
      <Filter>Header Files</Filter>
    </ClInclude>
    <ClInclude Include="gui\UCHandler.h">
      <Filter>Header Files</Filter>
    </ClInclude>
    <ClInclude Include="gui\wxAuiArts.h">
      <Filter>Header Files</Filter>
    </ClInclude>
    <ClInclude Include="gui\FinishedFrame.h">
      <Filter>Header Files</Filter>
    </ClInclude>
    <ClInclude Include="gui\SharePage.h">
      <Filter>Header Files</Filter>
    </ClInclude>
    <ClInclude Include="gui\AsyncHandler.h">
      <Filter>Header Files</Filter>
    </ClInclude>
    <ClInclude Include="gui\SystemLog.h">
      <Filter>Header Files</Filter>
    </ClInclude>
    <ClInclude Include="gui\ImageManager.h">
      <Filter>Header Files</Filter>
    </ClInclude>
  </ItemGroup>
</Project>